
Microsoft Visual Studio Solution File, Format Version 12.00
# Visual Studio Version 17
VisualStudioVersion = 17.4.33213.308
MinimumVisualStudioVersion = 10.0.40219.1
Project("{FAE04EC0-301F-11D3-BF4B-00C04F79EFBC}") = "DS3 - Teoria", "DS3 - Teoria\DS3 - Teoria.csproj", "{8FD4819D-A156-454A-B233-1B7CAAFC6E75}"
EndProject
Global
	GlobalSection(SolutionConfigurationPlatforms) = preSolution
		Debug|Any CPU = Debug|Any CPU
		Release|Any CPU = Release|Any CPU
	EndGlobalSection
	GlobalSection(ProjectConfigurationPlatforms) = postSolution
		{8FD4819D-A156-454A-B233-1B7CAAFC6E75}.Debug|Any CPU.ActiveCfg = Debug|Any CPU
		{8FD4819D-A156-454A-B233-1B7CAAFC6E75}.Debug|Any CPU.Build.0 = Debug|Any CPU
		{8FD4819D-A156-454A-B233-1B7CAAFC6E75}.Release|Any CPU.ActiveCfg = Release|Any CPU
		{8FD4819D-A156-454A-B233-1B7CAAFC6E75}.Release|Any CPU.Build.0 = Release|Any CPU
	EndGlobalSection
	GlobalSection(SolutionProperties) = preSolution
		HideSolutionNode = FALSE
	EndGlobalSection
	GlobalSection(ExtensibilityGlobals) = postSolution
		SolutionGuid = {68E187D3-EBC7-44B9-A05A-D9DACA814DE4}
	EndGlobalSection
EndGlobal
